
Microsoft Visual Studio Solution File, Format Version 11.00
# Visual Studio 2010
Project("{8BC9CEB8-8B4A-11D0-8D11-00A0C91BC942}") = "backend", "backend.vcxproj", "{9759365A-4F44-4B0E-8DC0-18A0AFD26859}"
EndProject
Global
	GlobalSection(SolutionConfigurationPlatforms) = preSolution
		Debug|Win32 = Debug|Win32
		Release|Win32 = Release|Win32
	EndGlobalSection
	GlobalSection(ProjectConfigurationPlatforms) = postSolution
		{9759365A-4F44-4B0E-8DC0-18A0AFD26859}.Debug|Win32.ActiveCfg = Debug|Win32
		{9759365A-4F44-4B0E-8DC0-18A0AFD26859}.Debug|Win32.Build.0 = Debug|Win32
		{9759365A-4F44-4B0E-8DC0-18A0AFD26859}.Release|Win32.ActiveCfg = Release|Win32
		{9759365A-4F44-4B0E-8DC0-18A0AFD26859}.Release|Win32.Build.0 = Release|Win32
	EndGlobalSection
	GlobalSection(SolutionProperties) = preSolution
		HideSolutionNode = FALSE
	EndGlobalSection
EndGlobal
